# This file is automatically @generated by Poetry 1.5.1 and should not be changed by hand.

[[package]]
name = "codeowners"
version = "0.6.0"
description = "Codeowners parser for Python"
optional = false
python-versions = ">=3.7,<4.0"
files = [
    {file = "codeowners-0.6.0-py3-none-any.whl", hash = "sha256:c5bde270f3cded9b397ef487d729be9287c208b71114fb9a1394aba7285ff53e"},
    {file = "codeowners-0.6.0.tar.gz", hash = "sha256:8af05a93017c70615b75435fd53fd1813b3da996121c0b27e33b4260d93a5afd"},
]

[package.dependencies]
typing_extensions = ">=3.7"

[[package]]
name = "plotext"
version = "5.2.8"
description = "plotext plots directly on terminal"
optional = false
python-versions = ">=3.5"
files = [
    {file = "plotext-5.2.8-py3-none-any.whl", hash = "sha256:7364cf72e6c9bffaf96158340fd2e0058faf404edbbc1e7a2aed421c8638d475"},
    {file = "plotext-5.2.8.tar.gz", hash = "sha256:319a287baabeb8576a711995f973a2eba631c887aa6b0f33ab016f12c50ffebe"},
]

[package.extras]
completion = ["shtab"]
image = ["pillow (>=8.4)"]
video = ["ffpyplayer (>=4.3.5)", "opencv-python (>=4.5.5)", "pafy (>=0.5.5)", "pillow (>=8.4)", "youtube-dl (==2020.12.2)"]

[[package]]
name = "pyperclip"
version = "1.8.2"
description = "A cross-platform clipboard module for Python. (Only handles plain text for now.)"
optional = false
python-versions = "*"
files = [
    {file = "pyperclip-1.8.2.tar.gz", hash = "sha256:105254a8b04934f0bc84e9c24eb360a591aaf6535c9def5f29d92af107a9bf57"},
]

[[package]]
name = "ripgrepy"
version = "2.0.0"
description = ""
optional = false
python-versions = "*"
files = [
    {file = "ripgrepy-2.0.0.tar.gz", hash = "sha256:6dd871bafe859301097354d1f171540fbc9bd38d3f8f52f8a196dc28522085da"},
]

[[package]]
name = "typing-extensions"
version = "4.8.0"
description = "Backported and Experimental Type Hints for Python 3.8+"
optional = false
python-versions = ">=3.8"
files = [
    {file = "typing_extensions-4.8.0-py3-none-any.whl", hash = "sha256:8f92fc8806f9a6b641eaa5318da32b44d401efaac0f6678c9bc448ba3605faa0"},
    {file = "typing_extensions-4.8.0.tar.gz", hash = "sha256:df8e4339e9cb77357558cbdbceca33c303714cf861d1eef15e1070055ae8b7ef"},
]

[metadata]
lock-version = "2.0"
python-versions = "^3.11"
content-hash = "63add4bb9a2246003ef06d1e12dd1b03f29540cecf3183ae194fe690f2d8ddcc"
